# THIS IS AN AUTOGENERATED FILE. DO NOT EDIT THIS FILE DIRECTLY.
# yarn lockfile v1


"@babel/runtime@^7.0.0", "@babel/runtime@^7.12.0", "@babel/runtime@^7.3.1":
  version "7.16.3"
  resolved "https://registry.yarnpkg.com/@babel/runtime/-/runtime-7.16.3.tgz#b86f0db02a04187a3c17caa77de69840165d42d5"
  integrity sha512-WBwekcqacdY2e9AF/Q7WLFUWmdJGJTkbjqTjoMDgXkVZ3ZRUvOPsLb5KdwISoQVsbP+DQzVZW4Zhci0DvpbNTQ==
  dependencies:
    regenerator-runtime "^0.13.4"

"@deck.gl/core@^8.6.4":
  version "8.6.4"
  resolved "https://registry.yarnpkg.com/@deck.gl/core/-/core-8.6.4.tgz#9d65c1979b9218ebdc8fbf91c3199031207f50d3"
  integrity sha512-veSW3VSOsm+mYzWIoqn6GZlRzADy2uX2xX4vOGZ06dCdSTrF6LqcyINsEftcqbpznME0ugpsTVIXj3P15LESQA==
  dependencies:
    "@loaders.gl/core" "^3.0.8"
    "@loaders.gl/images" "^3.0.8"
    "@luma.gl/core" "^8.5.10"
    "@math.gl/web-mercator" "^3.5.4"
    gl-matrix "^3.0.0"
    math.gl "^3.5.4"
    mjolnir.js "^2.5.0"
    probe.gl "^3.4.0"

"@deck.gl/layers@^8.6.4":
  version "8.6.4"
  resolved "https://registry.yarnpkg.com/@deck.gl/layers/-/layers-8.6.4.tgz#a18e71f20dc8e414f2b498eedb00e24c9b061f87"
  integrity sha512-G2L9r6O3NsmiIidFrqU5YUBZWnwnfOf5GVqBw6KOj9+b0HTPNLJ6xuswzGnjmf4fILgknOXtLm6IrLjLNoCCDw==
  dependencies:
    "@loaders.gl/images" "^3.0.8"
    "@mapbox/tiny-sdf" "^1.1.0"
    "@math.gl/polygon" "^3.5.4"
    earcut "^2.0.6"

"@deck.gl/react@^8.6.4":
  version "8.6.4"
  resolved "https://registry.yarnpkg.com/@deck.gl/react/-/react-8.6.4.tgz#197e3b5ba38df7e62d150e60000a516ec12fb681"
  integrity sha512-k1S5Cpv5DdZyNa9miwbThyZJATAXTt9Ism6w1bGRa2LsgjUXUCmNhlCEdqPhYrRYYltg8x35WV8xa0UrafUqvA==
  dependencies:
    prop-types "^15.6.0"

"@loaders.gl/core@^3.0.8":
  version "3.0.13"
  resolved "https://registry.yarnpkg.com/@loaders.gl/core/-/core-3.0.13.tgz#95ae41beb9de17e029156345ef802bea56e9126a"
  integrity sha512-Bi+VeITyRJtQLLx9YARpb4JzFkhXmKDiS2JVxdg5mn4i1QrzrLM0hPbtb4H6sNJ9S0WhFe3ikrXenGo/DL/aNw==
  dependencies:
    "@babel/runtime" "^7.3.1"
    "@loaders.gl/loader-utils" "3.0.13"
    "@loaders.gl/worker-utils" "3.0.13"
    probe.gl "^3.4.0"

"@loaders.gl/images@^3.0.8":
  version "3.0.13"
  resolved "https://registry.yarnpkg.com/@loaders.gl/images/-/images-3.0.13.tgz#2bdafbf60758a46b8c7f157e43c568a02114b66b"
  integrity sha512-w4I80tUoVg7Df3OWnxbjZWgGEpf1pLqbxGC8j8lhB3na8n5CnEllt6iN94dnwawDlfDX9wTHXNNaCTIguYsv0Q==
  dependencies:
    "@loaders.gl/loader-utils" "3.0.13"

"@loaders.gl/loader-utils@3.0.13":
  version "3.0.13"
  resolved "https://registry.yarnpkg.com/@loaders.gl/loader-utils/-/loader-utils-3.0.13.tgz#d6970a00ddea775e9e80d3617bbd4ad2ef12a1b8"
  integrity sha512-tVDmytWaO1XHBV9F5UEQd55vAdnVDZhK2nUKY5oBfDlo1mG5PhXWOj2Za+yV4btMC86PWXYhLiUUgy+9vABPOw==
  dependencies:
    "@babel/runtime" "^7.3.1"
    "@loaders.gl/worker-utils" "3.0.13"
    "@probe.gl/stats" "^3.4.0"

"@loaders.gl/worker-utils@3.0.13":
  version "3.0.13"
  resolved "https://registry.yarnpkg.com/@loaders.gl/worker-utils/-/worker-utils-3.0.13.tgz#861f6ec62a617fb8eacd36f98c9f70b87782ef28"
  integrity sha512-QB4jZumKGsouJprPzNKnKXTXMLf89afBwmi4Rnnw4SVj49olPiAGh4FZjf00GHFHKZlvAj8LB5rfqwd+Te6IVA==
  dependencies:
    "@babel/runtime" "^7.3.1"

"@luma.gl/constants@8.5.10":
  version "8.5.10"
  resolved "https://registry.yarnpkg.com/@luma.gl/constants/-/constants-8.5.10.tgz#dd8b5ed786e372582a1a28e79c20481e363b4b50"
  integrity sha512-0OZnNbb8hF+ogr/Exr5KFEnSMQdCgjrbO2ZYeNIGO0UVMTu4oTSLfRcBxKUs1NzxG5RogyV8dL6ETQbkP5VAZw==

"@luma.gl/core@^8.5.10":
  version "8.5.10"
  resolved "https://registry.yarnpkg.com/@luma.gl/core/-/core-8.5.10.tgz#a4fdb8656e249b72b84addb0a9412ab91a65fc15"
  integrity sha512-NzzMnSgzPta3gMu8vSM/kWiY09HypHRXt4zw/xFX4geLeX4iXm7Jnm+eeaNpc/QH/yJ51+4bpvZml0P5NIukfQ==
  dependencies:
    "@babel/runtime" "^7.0.0"
    "@luma.gl/constants" "8.5.10"
    "@luma.gl/engine" "8.5.10"
    "@luma.gl/gltools" "8.5.10"
    "@luma.gl/shadertools" "8.5.10"
    "@luma.gl/webgl" "8.5.10"

"@luma.gl/engine@8.5.10":
  version "8.5.10"
  resolved "https://registry.yarnpkg.com/@luma.gl/engine/-/engine-8.5.10.tgz#4e8cdd8ffb0bd5e13e4e521f4e0b05c21a9805a6"
  integrity sha512-W3cPlabMl1g6dfAio4yGD9GohoMULXqsBm9P9WOh0KypQBw5pFlE2C/njY43YhfvnpMPDMUjjraYrEXa1fhaig==
  dependencies:
    "@babel/runtime" "^7.0.0"
    "@luma.gl/constants" "8.5.10"
    "@luma.gl/gltools" "8.5.10"
    "@luma.gl/shadertools" "8.5.10"
    "@luma.gl/webgl" "8.5.10"
    "@math.gl/core" "^3.5.0"
    probe.gl "^3.4.0"

"@luma.gl/gltools@8.5.10":
  version "8.5.10"
  resolved "https://registry.yarnpkg.com/@luma.gl/gltools/-/gltools-8.5.10.tgz#be47f64f215d97e8d5896ab14060078bd04fd12e"
  integrity sha512-XQFocLXvSYfkW2xL1I50nYrPwgyt1jvmzmood3RQBQMiBcgU1JFW2w4tU+V/C5QXcAWWVzm8aIBkuQsCo34zrQ==
  dependencies:
    "@babel/runtime" "^7.0.0"
    "@luma.gl/constants" "8.5.10"
    probe.gl "^3.4.0"

"@luma.gl/shadertools@8.5.10":
  version "8.5.10"
  resolved "https://registry.yarnpkg.com/@luma.gl/shadertools/-/shadertools-8.5.10.tgz#37a22f99298f917a2bddf4452f04eaec7066bf27"
  integrity sha512-Va/e7fHFI7ZWu03obtNlXN7noIUF1u9U3Pm6PVqeVi3Z24yWl/pFbb5/O1gn66LQZF6fpwoLGN7m4NGk2YyHyA==
  dependencies:
    "@babel/runtime" "^7.0.0"
    "@math.gl/core" "^3.5.0"

"@luma.gl/webgl@8.5.10":
  version "8.5.10"
  resolved "https://registry.yarnpkg.com/@luma.gl/webgl/-/webgl-8.5.10.tgz#8e39137978692c5695a2138a403837ad51a780a2"
  integrity sha512-8cCJ6aoKmVKvrYoPC6G1jHqMsfTGyn50YMmRkrk2Q79nBe531LZr+6EYXlqx2+AR9obKwTnhTPlxjKg5gR4rYg==
  dependencies:
    "@babel/runtime" "^7.0.0"
    "@luma.gl/constants" "8.5.10"
    "@luma.gl/gltools" "8.5.10"
    probe.gl "^3.4.0"

"@mapbox/tiny-sdf@^1.1.0":
  version "1.2.5"
  resolved "https://registry.yarnpkg.com/@mapbox/tiny-sdf/-/tiny-sdf-1.2.5.tgz#424c620a96442b20402552be70a7f62a8407cc59"
  integrity sha512-cD8A/zJlm6fdJOk6DqPUV8mcpyJkRz2x2R+/fYcWDYG3oWbG7/L7Yl/WqQ1VZCjnL9OTIMAn6c+BC5Eru4sQEw==

"@math.gl/core@3.5.6", "@math.gl/core@^3.5.0":
  version "3.5.6"
  resolved "https://registry.yarnpkg.com/@math.gl/core/-/core-3.5.6.tgz#d849db978d7d4a4984bb63868adc693975d97ce7"
  integrity sha512-UGCKtJUBA9MBswclK6l8DuZqLcEnqlSfI57WzSDUB/Nki4tHfmdImJyhp8ky9W4cIahV1YLMhHRK1oRpLeC1sw==
  dependencies:
    "@babel/runtime" "^7.12.0"
    gl-matrix "~3.3.0"

"@math.gl/polygon@^3.5.4":
  version "3.5.6"
  resolved "https://registry.yarnpkg.com/@math.gl/polygon/-/polygon-3.5.6.tgz#af33fa8a60c89176ff178f322d3005d1cea2311f"
  integrity sha512-CUGPmD8Y9elPRsb4+wG0nuElbEYcTK+Azks96M9zleMaOACUDqUY6D4rDtqpyEIeqcun85Aq+7eV/rjVMahWgA==
  dependencies:
    "@math.gl/core" "3.5.6"

"@math.gl/web-mercator@^3.5.4":
  version "3.5.6"
  resolved "https://registry.yarnpkg.com/@math.gl/web-mercator/-/web-mercator-3.5.6.tgz#3bdc62f578bc0f360bb3c2866d015065b869cc20"
  integrity sha512-siWHLJGp9o8fDEM1t0Rby+JXftl6il0z3927liWGzkHqFftXPHY858ShPy45ThDU8q5lyCftg8aVgrv4nfD+Zw==
  dependencies:
    "@babel/runtime" "^7.12.0"
    gl-matrix "~3.3.0"

"@probe.gl/stats@3.4.1", "@probe.gl/stats@^3.4.0":
  version "3.4.1"
  resolved "https://registry.yarnpkg.com/@probe.gl/stats/-/stats-3.4.1.tgz#5bc0ec5f87ae3195c22a98363e9c15031fbfe8e8"
  integrity sha512-1Ol5cH8MQqIrGNgU4NCBj2cw1qiXYfHP1QCFX+u/xyrvgwLkPrOGkdSYMzw4VKTjJzNae4i7urOTf2m2hduZzQ==
  dependencies:
    "@babel/runtime" "^7.0.0"

earcut@^2.0.6:
  version "2.2.3"
  resolved "https://registry.yarnpkg.com/earcut/-/earcut-2.2.3.tgz#d44ced2ff5a18859568e327dd9c7d46b16f55cf4"
  integrity sha512-iRDI1QeCQIhMCZk48DRDMVgQSSBDmbzzNhnxIo+pwx3swkfjMh6vh0nWLq1NdvGHLKH6wIrAM3vQWeTj6qeoug==

gl-matrix@^3.0.0:
  version "3.4.3"
  resolved "https://registry.yarnpkg.com/gl-matrix/-/gl-matrix-3.4.3.tgz#fc1191e8320009fd4d20e9339595c6041ddc22c9"
  integrity sha512-wcCp8vu8FT22BnvKVPjXa/ICBWRq/zjFfdofZy1WSpQZpphblv12/bOQLBC1rMM7SGOFS9ltVmKOHil5+Ml7gA==

gl-matrix@~3.3.0:
  version "3.3.0"
  resolved "https://registry.yarnpkg.com/gl-matrix/-/gl-matrix-3.3.0.tgz#232eef60b1c8b30a28cbbe75b2caf6c48fd6358b"
  integrity sha512-COb7LDz+SXaHtl/h4LeaFcNdJdAQSDeVqjiIihSXNrkWObZLhDI4hIkZC11Aeqp7bcE72clzB0BnDXr2SmslRA==

hammerjs@^2.0.8:
  version "2.0.8"
  resolved "https://registry.yarnpkg.com/hammerjs/-/hammerjs-2.0.8.tgz#04ef77862cff2bb79d30f7692095930222bf60f1"
  integrity sha1-BO93hiz/K7edMPdpIJWTAiK/YPE=

"js-tokens@^3.0.0 || ^4.0.0":
  version "4.0.0"
  resolved "https://registry.yarnpkg.com/js-tokens/-/js-tokens-4.0.0.tgz#19203fb59991df98e3a287050d4647cdeaf32499"
  integrity sha512-RdJUflcE3cUzKiMqQgsCu06FPu9UdIJO0beYbPhHN4k6apgJtifcoCtT9bcxOpYBtpD2kCM6Sbzg4CausW/PKQ==

loose-envify@^1.4.0:
  version "1.4.0"
  resolved "https://registry.yarnpkg.com/loose-envify/-/loose-envify-1.4.0.tgz#71ee51fa7be4caec1a63839f7e682d8132d30caf"
  integrity sha512-lyuxPGr/Wfhrlem2CL/UcnUc1zcqKAImBDzukY7Y5F/yQiNdko6+fRLevlw1HgMySw7f611UIY408EtxRSoK3Q==
  dependencies:
    js-tokens "^3.0.0 || ^4.0.0"

math.gl@^3.5.4:
  version "3.5.6"
  resolved "https://registry.yarnpkg.com/math.gl/-/math.gl-3.5.6.tgz#805ac7444f8e5b339e88989c0fbcb9870774e315"
  integrity sha512-+IzdFaQk46iYU85XObRNqnb5NUQon+rWDPnCoEIOKOKdykr2gJ15BcVjEs0ZvH4EDv5K/JVmLkWzY/6DCEx2Fw==
  dependencies:
    "@math.gl/core" "3.5.6"

mjolnir.js@^2.5.0:
  version "2.6.0"
  resolved "https://registry.yarnpkg.com/mjolnir.js/-/mjolnir.js-2.6.0.tgz#0a199f71434b5f183248e1a9bb06a3b4e5533ecb"
  integrity sha512-rGA7+BJKvXI0ypxQD/+rQE/sW26kmc8UIZWhmQrjhwCf/zvhbcBlsu2vPB6w0Kv/rVnVFEONTSQqC0vFEpQvIA==
  dependencies:
    "@babel/runtime" "^7.0.0"
    hammerjs "^2.0.8"

object-assign@^4.1.1:
  version "4.1.1"
  resolved "https://registry.yarnpkg.com/object-assign/-/object-assign-4.1.1.tgz#2109adc7965887cfc05cbbd442cac8bfbb360863"
  integrity sha1-IQmtx5ZYh8/AXLvUQsrIv7s2CGM=

probe.gl@^3.4.0:
  version "3.4.1"
  resolved "https://registry.yarnpkg.com/probe.gl/-/probe.gl-3.4.1.tgz#88d8629fbac5a627049d6fdc6b8c364d56f00815"
  integrity sha512-k/6YoZr6cBwnFpQLs/s4yZ8cCxapQzRrxl16EQg1b2wYXLlerDJ4PkNoQ3YDN9yu3Jcipipr+Avy1GRpyBF6ZA==
  dependencies:
    "@babel/runtime" "^7.0.0"
    "@probe.gl/stats" "3.4.1"

prop-types@^15.6.0:
  version "15.7.2"
  resolved "https://registry.yarnpkg.com/prop-types/-/prop-types-15.7.2.tgz#52c41e75b8c87e72b9d9360e0206b99dcbffa6c5"
  integrity sha512-8QQikdH7//R2vurIJSutZ1smHYTcLpRWEOlHnzcWHmBYrOGUysKwSsrC89BCiFj3CbrfJ/nXFdJepOVrY1GCHQ==
  dependencies:
    loose-envify "^1.4.0"
    object-assign "^4.1.1"
    react-is "^16.8.1"

react-is@^16.8.1:
  version "16.13.1"
  resolved "https://registry.yarnpkg.com/react-is/-/react-is-16.13.1.tgz#789729a4dc36de2999dc156dd6c1d9c18cea56a4"
  integrity sha512-24e6ynE2H+OKt4kqsOvNd8kBpV65zoxbA4BVsEOB3ARVWQki/DHzaUoC5KuON/BiccDaCCTZBuOcfZs70kR8bQ==

regenerator-runtime@^0.13.4:
  version "0.13.9"
  resolved "https://registry.yarnpkg.com/regenerator-runtime/-/regenerator-runtime-0.13.9.tgz#8925742a98ffd90814988d7566ad30ca3b263b52"
  integrity sha512-p3VT+cOEgxFsRRA9X4lkI1E+k2/CtnKtU4gcxyaCUreilL/vqI6CdZ3wxVUx3UOUg+gnUOQQcRI7BmSI656MYA==
